
Microsoft Visual Studio Solution File, Format Version 12.00
# Visual Studio Version 18
VisualStudioVersion = 18.4.11626.88 stable
MinimumVisualStudioVersion = 10.0.40219.1
Project("{2150E333-8FDC-42A3-9474-1A3956D46DE8}") = "src", "src", "{AF2A5565-16E6-4DC8-8431-F9723A5898EB}"
EndProject
Project("{2150E333-8FDC-42A3-9474-1A3956D46DE8}") = "Hosts", "Hosts", "{D521379A-40F8-48EB-A545-76A238A0376C}"
EndProject
Project("{FAE04EC0-301F-11D3-BF4B-00C04F79EFBC}") = "Zpulon.AICopilot.ServiceDefaults", "src\Zpulon.AICopilot.ServiceDefaults\Zpulon.AICopilot.ServiceDefaults.csproj", "{928FA5D9-DEE1-4B92-94F7-D4171D1D7C97}"
EndProject
Project("{FAE04EC0-301F-11D3-BF4B-00C04F79EFBC}") = "Zpulon.AICopilot.HttpApi", "src\Zpulon.AICopilot.HttpApi\Zpulon.AICopilot.HttpApi.csproj", "{3897AE7D-17E3-47B4-AB53-4C7179A16A17}"
EndProject
Project("{FAE04EC0-301F-11D3-BF4B-00C04F79EFBC}") = "Zpulon.AICopilot.AppHost", "src\Zpulon.AICopilot.AppHost\Zpulon.AICopilot.AppHost.csproj", "{B17D4BF6-4B4F-428A-B5D0-00B67CAA7CB3}"
EndProject
Project("{2150E333-8FDC-42A3-9474-1A3956D46DE8}") = "Core", "Core", "{50F4E192-9CFA-4E59-AF90-B3E6043B1C44}"
EndProject
Project("{2150E333-8FDC-42A3-9474-1A3956D46DE8}") = "Services", "Services", "{B1FD4B1B-84C6-48E6-9522-0E567C589A5F}"
EndProject
Project("{2150E333-8FDC-42A3-9474-1A3956D46DE8}") = "Infrastructure", "Infrastructure", "{AA58CFB8-FDE3-4BAC-BA9B-D060D85348E0}"
EndProject
Project("{FAE04EC0-301F-11D3-BF4B-00C04F79EFBC}") = "Zpulon.AICopilot.EntityFrameworkCore", "src\Zpulon.AICopilot.EntityFrameworkCore\Zpulon.AICopilot.EntityFrameworkCore.csproj", "{BE6B7728-7F60-4C7A-B3B8-7AC3CE00FE0E}"
EndProject
Project("{FAE04EC0-301F-11D3-BF4B-00C04F79EFBC}") = "Zpulon.AICopilot.MigrationWorkApp", "src\Zpulon.AICopilot.MigrationWorkApp\Zpulon.AICopilot.MigrationWorkApp.csproj", "{3BF53C76-4714-42BD-B97C-A84F05EAACE7}"
EndProject
Project("{2150E333-8FDC-42A3-9474-1A3956D46DE8}") = "Shared", "Shared", "{515F3AD7-B6CF-4F15-B7A2-45FE78B79510}"
EndProject
Project("{FAE04EC0-301F-11D3-BF4B-00C04F79EFBC}") = "Zpulon.AICopilot.SharedKernel", "src\Zpulon.AICopilot.SharedKernel\Zpulon.AICopilot.SharedKernel.csproj", "{1E45FB31-EE24-4756-8BA1-7B7406CDF032}"
EndProject
Project("{FAE04EC0-301F-11D3-BF4B-00C04F79EFBC}") = "Zpulon.AICopilot.IdentityService", "src\Zpulon.AICopilot.IdentityService\Zpulon.AICopilot.IdentityService.csproj", "{C0EF352E-5987-4B3A-8721-9CDACBCB26FA}"
EndProject
Project("{FAE04EC0-301F-11D3-BF4B-00C04F79EFBC}") = "Zpulon.AICopilot.Infrastructure", "src\Zpulon.AICopilot.Infrastructure\Zpulon.AICopilot.Infrastructure.csproj", "{AF552A49-C09F-4DEE-8ECD-3386019FCC51}"
EndProject
Project("{FAE04EC0-301F-11D3-BF4B-00C04F79EFBC}") = "Zpulon.AICopilot.Services.Common", "src\Zpulon.AICopilot.Services.Common\Zpulon.AICopilot.Services.Common.csproj", "{1251CD0A-5BF6-4351-89AE-FE21D3AACF3B}"
EndProject
Project("{FAE04EC0-301F-11D3-BF4B-00C04F79EFBC}") = "Zpulon.AICopilot.Core.AiGateway", "src\Zpulon.AICopilot.Core.AiGateway\Zpulon.AICopilot.Core.AiGateway.csproj", "{9B93745C-D7CA-463B-97ED-6D90F1F1BA9D}"
EndProject
Project("{FAE04EC0-301F-11D3-BF4B-00C04F79EFBC}") = "Zpulon.AICopilot.AiGatewayService", "src\Zpulon.AICopilot.AiGatewayService\Zpulon.AICopilot.AiGatewayService.csproj", "{271EE104-3475-4CBE-AAF6-42FD752D4786}"
EndProject
Project("{FAE04EC0-301F-11D3-BF4B-00C04F79EFBC}") = "Zpulon.AICopilot.AgentPlugin", "src\Zpulon.AICopilot.AgentPlugin\Zpulon.AICopilot.AgentPlugin.csproj", "{CC33943C-8CF4-4056-863F-DDE5FFAAB7BC}"
EndProject
Project("{FAE04EC0-301F-11D3-BF4B-00C04F79EFBC}") = "Zpulon.AICopilot.Core.Rag", "src\Zpulon.AICopilot.Core.Rag\Zpulon.AICopilot.Core.Rag.csproj", "{E7116FBC-1A75-4860-B2F9-12838429D2E4}"
EndProject
Project("{FAE04EC0-301F-11D3-BF4B-00C04F79EFBC}") = "Zpulon.AICopilot.RagService", "src\Zpulon.AICopilot.RagService\Zpulon.AICopilot.RagService.csproj", "{49CCAA0B-E36F-4105-99AA-81383F2478C9}"
EndProject
Project("{FAE04EC0-301F-11D3-BF4B-00C04F79EFBC}") = "Zpulon.AICopilot.EventBus", "src\Zpulon.AICopilot.EventBus\Zpulon.AICopilot.EventBus.csproj", "{5D0F7BB5-4BE3-4E72-AC72-1A66A7F3A72B}"
EndProject
Project("{FAE04EC0-301F-11D3-BF4B-00C04F79EFBC}") = "Zpulon.AICopilot.RagWorker", "src\Zpulon.AICopilot.RagWorker\Zpulon.AICopilot.RagWorker.csproj", "{49F6D109-BD98-4FC4-9629-4169511BA490}"
EndProject
Project("{FAE04EC0-301F-11D3-BF4B-00C04F79EFBC}") = "Zpulon.AICopilot.Embedding", "src\Zpulon.AICopilot.Embedding\Zpulon.AICopilot.Embedding.csproj", "{86D68AFC-CE1E-4836-8CF7-4695A9A0A042}"
EndProject
Project("{FAE04EC0-301F-11D3-BF4B-00C04F79EFBC}") = "Zpulon.AICopilot.Core.DataAnalysis", "src\Zpulon.AICopilot.Core.DataAnalysis\Zpulon.AICopilot.Core.DataAnalysis.csproj", "{A7785F45-E734-4ED0-8D3E-07E0C30C88C1}"
EndProject
Project("{FAE04EC0-301F-11D3-BF4B-00C04F79EFBC}") = "Zpulon.AICopilot.Dapper", "src\Zpulon.AICopilot.Dapper\Zpulon.AICopilot.Dapper.csproj", "{E4BCC5C9-0A69-4F26-9C55-F998BDE47522}"
EndProject
Project("{FAE04EC0-301F-11D3-BF4B-00C04F79EFBC}") = "Zpulon.AICopilot.DataAnalysisService", "src\Zpulon.AICopilot.DataAnalysisService\Zpulon.AICopilot.DataAnalysisService.csproj", "{F9A84CBD-AD0A-44DB-9FCD-712E177B0672}"
EndProject
Project("{FAE04EC0-301F-11D3-BF4B-00C04F79EFBC}") = "Zpulon.AICopilot.Visualization", "src\Zpulon.AICopilot.Visualization\Zpulon.AICopilot.Visualization.csproj", "{0F6AF851-B7CB-41B4-8E86-81B81BCD82BB}"
EndProject
Project("{FAE04EC0-301F-11D3-BF4B-00C04F79EFBC}") = "Zpulon.AICopilot.Core.McpServer", "src\Zpulon.AICopilot.Core.McpServer\Zpulon.AICopilot.Core.McpServer.csproj", "{DD861E9D-C0D1-492A-A2DC-E3F531846E0D}"
EndProject
Project("{FAE04EC0-301F-11D3-BF4B-00C04F79EFBC}") = "Zpulon.AICopilot.McpService", "src\Zpulon.AICopilot.McpService\Zpulon.AICopilot.McpService.csproj", "{6D3F72AE-78C5-495C-85F9-7BDCFCDEB7F7}"
EndProject
Global
	GlobalSection(SolutionConfigurationPlatforms) = preSolution
		Debug|Any CPU = Debug|Any CPU
		Release|Any CPU = Release|Any CPU
	EndGlobalSection
	GlobalSection(ProjectConfigurationPlatforms) = postSolution
		{928FA5D9-DEE1-4B92-94F7-D4171D1D7C97}.Debug|Any CPU.ActiveCfg = Debug|Any CPU
		{928FA5D9-DEE1-4B92-94F7-D4171D1D7C97}.Debug|Any CPU.Build.0 = Debug|Any CPU
		{928FA5D9-DEE1-4B92-94F7-D4171D1D7C97}.Release|Any CPU.ActiveCfg = Release|Any CPU
		{928FA5D9-DEE1-4B92-94F7-D4171D1D7C97}.Release|Any CPU.Build.0 = Release|Any CPU
		{3897AE7D-17E3-47B4-AB53-4C7179A16A17}.Debug|Any CPU.ActiveCfg = Debug|Any CPU
		{3897AE7D-17E3-47B4-AB53-4C7179A16A17}.Debug|Any CPU.Build.0 = Debug|Any CPU
		{3897AE7D-17E3-47B4-AB53-4C7179A16A17}.Release|Any CPU.ActiveCfg = Release|Any CPU
		{3897AE7D-17E3-47B4-AB53-4C7179A16A17}.Release|Any CPU.Build.0 = Release|Any CPU
		{B17D4BF6-4B4F-428A-B5D0-00B67CAA7CB3}.Debug|Any CPU.ActiveCfg = Debug|Any CPU
		{B17D4BF6-4B4F-428A-B5D0-00B67CAA7CB3}.Debug|Any CPU.Build.0 = Debug|Any CPU
		{B17D4BF6-4B4F-428A-B5D0-00B67CAA7CB3}.Release|Any CPU.ActiveCfg = Release|Any CPU
		{B17D4BF6-4B4F-428A-B5D0-00B67CAA7CB3}.Release|Any CPU.Build.0 = Release|Any CPU
		{BE6B7728-7F60-4C7A-B3B8-7AC3CE00FE0E}.Debug|Any CPU.ActiveCfg = Debug|Any CPU
		{BE6B7728-7F60-4C7A-B3B8-7AC3CE00FE0E}.Debug|Any CPU.Build.0 = Debug|Any CPU
		{BE6B7728-7F60-4C7A-B3B8-7AC3CE00FE0E}.Release|Any CPU.ActiveCfg = Release|Any CPU
		{BE6B7728-7F60-4C7A-B3B8-7AC3CE00FE0E}.Release|Any CPU.Build.0 = Release|Any CPU
		{3BF53C76-4714-42BD-B97C-A84F05EAACE7}.Debug|Any CPU.ActiveCfg = Debug|Any CPU
		{3BF53C76-4714-42BD-B97C-A84F05EAACE7}.Debug|Any CPU.Build.0 = Debug|Any CPU
		{3BF53C76-4714-42BD-B97C-A84F05EAACE7}.Release|Any CPU.ActiveCfg = Release|Any CPU
		{3BF53C76-4714-42BD-B97C-A84F05EAACE7}.Release|Any CPU.Build.0 = Release|Any CPU
		{1E45FB31-EE24-4756-8BA1-7B7406CDF032}.Debug|Any CPU.ActiveCfg = Debug|Any CPU
		{1E45FB31-EE24-4756-8BA1-7B7406CDF032}.Debug|Any CPU.Build.0 = Debug|Any CPU
		{1E45FB31-EE24-4756-8BA1-7B7406CDF032}.Release|Any CPU.ActiveCfg = Release|Any CPU
		{1E45FB31-EE24-4756-8BA1-7B7406CDF032}.Release|Any CPU.Build.0 = Release|Any CPU
		{C0EF352E-5987-4B3A-8721-9CDACBCB26FA}.Debug|Any CPU.ActiveCfg = Debug|Any CPU
		{C0EF352E-5987-4B3A-8721-9CDACBCB26FA}.Debug|Any CPU.Build.0 = Debug|Any CPU
		{C0EF352E-5987-4B3A-8721-9CDACBCB26FA}.Release|Any CPU.ActiveCfg = Release|Any CPU
		{C0EF352E-5987-4B3A-8721-9CDACBCB26FA}.Release|Any CPU.Build.0 = Release|Any CPU
		{AF552A49-C09F-4DEE-8ECD-3386019FCC51}.Debug|Any CPU.ActiveCfg = Debug|Any CPU
		{AF552A49-C09F-4DEE-8ECD-3386019FCC51}.Debug|Any CPU.Build.0 = Debug|Any CPU
		{AF552A49-C09F-4DEE-8ECD-3386019FCC51}.Release|Any CPU.ActiveCfg = Release|Any CPU
		{AF552A49-C09F-4DEE-8ECD-3386019FCC51}.Release|Any CPU.Build.0 = Release|Any CPU
		{1251CD0A-5BF6-4351-89AE-FE21D3AACF3B}.Debug|Any CPU.ActiveCfg = Debug|Any CPU
		{1251CD0A-5BF6-4351-89AE-FE21D3AACF3B}.Debug|Any CPU.Build.0 = Debug|Any CPU
		{1251CD0A-5BF6-4351-89AE-FE21D3AACF3B}.Release|Any CPU.ActiveCfg = Release|Any CPU
		{1251CD0A-5BF6-4351-89AE-FE21D3AACF3B}.Release|Any CPU.Build.0 = Release|Any CPU
		{9B93745C-D7CA-463B-97ED-6D90F1F1BA9D}.Debug|Any CPU.ActiveCfg = Debug|Any CPU
		{9B93745C-D7CA-463B-97ED-6D90F1F1BA9D}.Debug|Any CPU.Build.0 = Debug|Any CPU
		{9B93745C-D7CA-463B-97ED-6D90F1F1BA9D}.Release|Any CPU.ActiveCfg = Release|Any CPU
		{9B93745C-D7CA-463B-97ED-6D90F1F1BA9D}.Release|Any CPU.Build.0 = Release|Any CPU
		{271EE104-3475-4CBE-AAF6-42FD752D4786}.Debug|Any CPU.ActiveCfg = Debug|Any CPU
		{271EE104-3475-4CBE-AAF6-42FD752D4786}.Debug|Any CPU.Build.0 = Debug|Any CPU
		{271EE104-3475-4CBE-AAF6-42FD752D4786}.Release|Any CPU.ActiveCfg = Release|Any CPU
		{271EE104-3475-4CBE-AAF6-42FD752D4786}.Release|Any CPU.Build.0 = Release|Any CPU
		{CC33943C-8CF4-4056-863F-DDE5FFAAB7BC}.Debug|Any CPU.ActiveCfg = Debug|Any CPU
		{CC33943C-8CF4-4056-863F-DDE5FFAAB7BC}.Debug|Any CPU.Build.0 = Debug|Any CPU
		{CC33943C-8CF4-4056-863F-DDE5FFAAB7BC}.Release|Any CPU.ActiveCfg = Release|Any CPU
		{CC33943C-8CF4-4056-863F-DDE5FFAAB7BC}.Release|Any CPU.Build.0 = Release|Any CPU
		{E7116FBC-1A75-4860-B2F9-12838429D2E4}.Debug|Any CPU.ActiveCfg = Debug|Any CPU
		{E7116FBC-1A75-4860-B2F9-12838429D2E4}.Debug|Any CPU.Build.0 = Debug|Any CPU
		{E7116FBC-1A75-4860-B2F9-12838429D2E4}.Release|Any CPU.ActiveCfg = Release|Any CPU
		{E7116FBC-1A75-4860-B2F9-12838429D2E4}.Release|Any CPU.Build.0 = Release|Any CPU
		{49CCAA0B-E36F-4105-99AA-81383F2478C9}.Debug|Any CPU.ActiveCfg = Debug|Any CPU
		{49CCAA0B-E36F-4105-99AA-81383F2478C9}.Debug|Any CPU.Build.0 = Debug|Any CPU
		{49CCAA0B-E36F-4105-99AA-81383F2478C9}.Release|Any CPU.ActiveCfg = Release|Any CPU
		{49CCAA0B-E36F-4105-99AA-81383F2478C9}.Release|Any CPU.Build.0 = Release|Any CPU
		{5D0F7BB5-4BE3-4E72-AC72-1A66A7F3A72B}.Debug|Any CPU.ActiveCfg = Debug|Any CPU
		{5D0F7BB5-4BE3-4E72-AC72-1A66A7F3A72B}.Debug|Any CPU.Build.0 = Debug|Any CPU
		{5D0F7BB5-4BE3-4E72-AC72-1A66A7F3A72B}.Release|Any CPU.ActiveCfg = Release|Any CPU
		{5D0F7BB5-4BE3-4E72-AC72-1A66A7F3A72B}.Release|Any CPU.Build.0 = Release|Any CPU
		{49F6D109-BD98-4FC4-9629-4169511BA490}.Debug|Any CPU.ActiveCfg = Debug|Any CPU
		{49F6D109-BD98-4FC4-9629-4169511BA490}.Debug|Any CPU.Build.0 = Debug|Any CPU
		{49F6D109-BD98-4FC4-9629-4169511BA490}.Release|Any CPU.ActiveCfg = Release|Any CPU
		{49F6D109-BD98-4FC4-9629-4169511BA490}.Release|Any CPU.Build.0 = Release|Any CPU
		{86D68AFC-CE1E-4836-8CF7-4695A9A0A042}.Debug|Any CPU.ActiveCfg = Debug|Any CPU
		{86D68AFC-CE1E-4836-8CF7-4695A9A0A042}.Debug|Any CPU.Build.0 = Debug|Any CPU
		{86D68AFC-CE1E-4836-8CF7-4695A9A0A042}.Release|Any CPU.ActiveCfg = Release|Any CPU
		{86D68AFC-CE1E-4836-8CF7-4695A9A0A042}.Release|Any CPU.Build.0 = Release|Any CPU
		{A7785F45-E734-4ED0-8D3E-07E0C30C88C1}.Debug|Any CPU.ActiveCfg = Debug|Any CPU
		{A7785F45-E734-4ED0-8D3E-07E0C30C88C1}.Debug|Any CPU.Build.0 = Debug|Any CPU
		{A7785F45-E734-4ED0-8D3E-07E0C30C88C1}.Release|Any CPU.ActiveCfg = Release|Any CPU
		{A7785F45-E734-4ED0-8D3E-07E0C30C88C1}.Release|Any CPU.Build.0 = Release|Any CPU
		{E4BCC5C9-0A69-4F26-9C55-F998BDE47522}.Debug|Any CPU.ActiveCfg = Debug|Any CPU
		{E4BCC5C9-0A69-4F26-9C55-F998BDE47522}.Debug|Any CPU.Build.0 = Debug|Any CPU
		{E4BCC5C9-0A69-4F26-9C55-F998BDE47522}.Release|Any CPU.ActiveCfg = Release|Any CPU
		{E4BCC5C9-0A69-4F26-9C55-F998BDE47522}.Release|Any CPU.Build.0 = Release|Any CPU
		{F9A84CBD-AD0A-44DB-9FCD-712E177B0672}.Debug|Any CPU.ActiveCfg = Debug|Any CPU
		{F9A84CBD-AD0A-44DB-9FCD-712E177B0672}.Debug|Any CPU.Build.0 = Debug|Any CPU
		{F9A84CBD-AD0A-44DB-9FCD-712E177B0672}.Release|Any CPU.ActiveCfg = Release|Any CPU
		{F9A84CBD-AD0A-44DB-9FCD-712E177B0672}.Release|Any CPU.Build.0 = Release|Any CPU
		{0F6AF851-B7CB-41B4-8E86-81B81BCD82BB}.Debug|Any CPU.ActiveCfg = Debug|Any CPU
		{0F6AF851-B7CB-41B4-8E86-81B81BCD82BB}.Debug|Any CPU.Build.0 = Debug|Any CPU
		{0F6AF851-B7CB-41B4-8E86-81B81BCD82BB}.Release|Any CPU.ActiveCfg = Release|Any CPU
		{0F6AF851-B7CB-41B4-8E86-81B81BCD82BB}.Release|Any CPU.Build.0 = Release|Any CPU
		{DD861E9D-C0D1-492A-A2DC-E3F531846E0D}.Debug|Any CPU.ActiveCfg = Debug|Any CPU
		{DD861E9D-C0D1-492A-A2DC-E3F531846E0D}.Debug|Any CPU.Build.0 = Debug|Any CPU
		{DD861E9D-C0D1-492A-A2DC-E3F531846E0D}.Release|Any CPU.ActiveCfg = Release|Any CPU
		{DD861E9D-C0D1-492A-A2DC-E3F531846E0D}.Release|Any CPU.Build.0 = Release|Any CPU
		{6D3F72AE-78C5-495C-85F9-7BDCFCDEB7F7}.Debug|Any CPU.ActiveCfg = Debug|Any CPU
		{6D3F72AE-78C5-495C-85F9-7BDCFCDEB7F7}.Debug|Any CPU.Build.0 = Debug|Any CPU
		{6D3F72AE-78C5-495C-85F9-7BDCFCDEB7F7}.Release|Any CPU.ActiveCfg = Release|Any CPU
		{6D3F72AE-78C5-495C-85F9-7BDCFCDEB7F7}.Release|Any CPU.Build.0 = Release|Any CPU
	EndGlobalSection
	GlobalSection(SolutionProperties) = preSolution
		HideSolutionNode = FALSE
	EndGlobalSection
	GlobalSection(NestedProjects) = preSolution
		{D521379A-40F8-48EB-A545-76A238A0376C} = {AF2A5565-16E6-4DC8-8431-F9723A5898EB}
		{928FA5D9-DEE1-4B92-94F7-D4171D1D7C97} = {D521379A-40F8-48EB-A545-76A238A0376C}
		{3897AE7D-17E3-47B4-AB53-4C7179A16A17} = {D521379A-40F8-48EB-A545-76A238A0376C}
		{B17D4BF6-4B4F-428A-B5D0-00B67CAA7CB3} = {D521379A-40F8-48EB-A545-76A238A0376C}
		{50F4E192-9CFA-4E59-AF90-B3E6043B1C44} = {AF2A5565-16E6-4DC8-8431-F9723A5898EB}
		{B1FD4B1B-84C6-48E6-9522-0E567C589A5F} = {AF2A5565-16E6-4DC8-8431-F9723A5898EB}
		{AA58CFB8-FDE3-4BAC-BA9B-D060D85348E0} = {AF2A5565-16E6-4DC8-8431-F9723A5898EB}
		{BE6B7728-7F60-4C7A-B3B8-7AC3CE00FE0E} = {AA58CFB8-FDE3-4BAC-BA9B-D060D85348E0}
		{3BF53C76-4714-42BD-B97C-A84F05EAACE7} = {D521379A-40F8-48EB-A545-76A238A0376C}
		{515F3AD7-B6CF-4F15-B7A2-45FE78B79510} = {AF2A5565-16E6-4DC8-8431-F9723A5898EB}
		{1E45FB31-EE24-4756-8BA1-7B7406CDF032} = {515F3AD7-B6CF-4F15-B7A2-45FE78B79510}
		{C0EF352E-5987-4B3A-8721-9CDACBCB26FA} = {B1FD4B1B-84C6-48E6-9522-0E567C589A5F}
		{AF552A49-C09F-4DEE-8ECD-3386019FCC51} = {AA58CFB8-FDE3-4BAC-BA9B-D060D85348E0}
		{1251CD0A-5BF6-4351-89AE-FE21D3AACF3B} = {B1FD4B1B-84C6-48E6-9522-0E567C589A5F}
		{9B93745C-D7CA-463B-97ED-6D90F1F1BA9D} = {50F4E192-9CFA-4E59-AF90-B3E6043B1C44}
		{271EE104-3475-4CBE-AAF6-42FD752D4786} = {B1FD4B1B-84C6-48E6-9522-0E567C589A5F}
		{CC33943C-8CF4-4056-863F-DDE5FFAAB7BC} = {515F3AD7-B6CF-4F15-B7A2-45FE78B79510}
		{E7116FBC-1A75-4860-B2F9-12838429D2E4} = {50F4E192-9CFA-4E59-AF90-B3E6043B1C44}
		{49CCAA0B-E36F-4105-99AA-81383F2478C9} = {B1FD4B1B-84C6-48E6-9522-0E567C589A5F}
		{5D0F7BB5-4BE3-4E72-AC72-1A66A7F3A72B} = {AA58CFB8-FDE3-4BAC-BA9B-D060D85348E0}
		{49F6D109-BD98-4FC4-9629-4169511BA490} = {D521379A-40F8-48EB-A545-76A238A0376C}
		{86D68AFC-CE1E-4836-8CF7-4695A9A0A042} = {AA58CFB8-FDE3-4BAC-BA9B-D060D85348E0}
		{A7785F45-E734-4ED0-8D3E-07E0C30C88C1} = {50F4E192-9CFA-4E59-AF90-B3E6043B1C44}
		{E4BCC5C9-0A69-4F26-9C55-F998BDE47522} = {AA58CFB8-FDE3-4BAC-BA9B-D060D85348E0}
		{F9A84CBD-AD0A-44DB-9FCD-712E177B0672} = {B1FD4B1B-84C6-48E6-9522-0E567C589A5F}
		{0F6AF851-B7CB-41B4-8E86-81B81BCD82BB} = {515F3AD7-B6CF-4F15-B7A2-45FE78B79510}
		{DD861E9D-C0D1-492A-A2DC-E3F531846E0D} = {50F4E192-9CFA-4E59-AF90-B3E6043B1C44}
		{6D3F72AE-78C5-495C-85F9-7BDCFCDEB7F7} = {B1FD4B1B-84C6-48E6-9522-0E567C589A5F}
	EndGlobalSection
EndGlobal
